// !$*UTF8*$!
{
	archiveVersion = 1;
	classes = {
	};
	objectVersion = 46;
	objects = {

/* Begin PBXBuildFile section */
		58274AF81EB335F400E86967 /* SCImageWriter.m in Sources */ = {isa = PBXBuildFile; fileRef = 58274AF51EB335F400E86967 /* SCImageWriter.m */; };
		58274AFB1EB337DA00E86967 /* SCBadgeView.m in Sources */ = {isa = PBXBuildFile; fileRef = 58274AFA1EB337DA00E86967 /* SCBadgeView.m */; };
		58274AFE1EB338D300E86967 /* NSString+SCExtenstion.m in Sources */ = {isa = PBXBuildFile; fileRef = 58274AFD1EB338D300E86967 /* NSString+SCExtenstion.m */; };
		58274B011EB33C3A00E86967 /* NSTimer+SCExtension.m in Sources */ = {isa = PBXBuildFile; fileRef = 58274B001EB33C3A00E86967 /* NSTimer+SCExtension.m */; };
		58274B041EB33DA600E86967 /* UIView+SCLayout.m in Sources */ = {isa = PBXBuildFile; fileRef = 58274B031EB33DA600E86967 /* UIView+SCLayout.m */; };
		58274B071EB3401A00E86967 /* UIBarButtonItem+SCExtension.m in Sources */ = {isa = PBXBuildFile; fileRef = 58274B061EB3401A00E86967 /* UIBarButtonItem+SCExtension.m */; };
		58274B0A1EB3426000E86967 /* SCOutsideTouchView.m in Sources */ = {isa = PBXBuildFile; fileRef = 58274B091EB3426000E86967 /* SCOutsideTouchView.m */; };
		58274B0E1EB34A8100E86967 /* SCCustomNavigationBar.m in Sources */ = {isa = PBXBuildFile; fileRef = 58274B0D1EB34A8100E86967 /* SCCustomNavigationBar.m */; };
		58274B111EB34B3E00E86967 /* SCHourglassLoadingView.m in Sources */ = {isa = PBXBuildFile; fileRef = 58274B101EB34B3E00E86967 /* SCHourglassLoadingView.m */; };
		58274B141EB34FB600E86967 /* ComponentsViewController.m in Sources */ = {isa = PBXBuildFile; fileRef = 58274B131EB34FB600E86967 /* ComponentsViewController.m */; };
		58274B1A1EB355F100E86967 /* CustomButtonViewController.m in Sources */ = {isa = PBXBuildFile; fileRef = 58274B181EB355F100E86967 /* CustomButtonViewController.m */; };
		58274B1B1EB355F100E86967 /* CustomButtonViewController.xib in Resources */ = {isa = PBXBuildFile; fileRef = 58274B191EB355F100E86967 /* CustomButtonViewController.xib */; };
		586490E51EA8D923006D47B6 /* main.m in Sources */ = {isa = PBXBuildFile; fileRef = 586490E41EA8D923006D47B6 /* main.m */; };
		586490E81EA8D923006D47B6 /* AppDelegate.m in Sources */ = {isa = PBXBuildFile; fileRef = 586490E71EA8D923006D47B6 /* AppDelegate.m */; };
		586490EB1EA8D923006D47B6 /* CustomUIViewController.m in Sources */ = {isa = PBXBuildFile; fileRef = 586490EA1EA8D923006D47B6 /* CustomUIViewController.m */; };
		586490EE1EA8D923006D47B6 /* Main.storyboard in Resources */ = {isa = PBXBuildFile; fileRef = 586490EC1EA8D923006D47B6 /* Main.storyboard */; };
		586490F01EA8D923006D47B6 /* Assets.xcassets in Resources */ = {isa = PBXBuildFile; fileRef = 586490EF1EA8D923006D47B6 /* Assets.xcassets */; };
		586490F31EA8D923006D47B6 /* LaunchScreen.storyboard in Resources */ = {isa = PBXBuildFile; fileRef = 586490F11EA8D923006D47B6 /* LaunchScreen.storyboard */; };
		586491141EA8DAEF006D47B6 /* UIView+SCAnimation.m in Sources */ = {isa = PBXBuildFile; fileRef = 586491001EA8DAEF006D47B6 /* UIView+SCAnimation.m */; };
		586491161EA8DAEF006D47B6 /* SCCustomButton.m in Sources */ = {isa = PBXBuildFile; fileRef = 586491051EA8DAEF006D47B6 /* SCCustomButton.m */; };
/* End PBXBuildFile section */

/* Begin PBXFileReference section */
		58274AF41EB335F400E86967 /* SCImageWriter.h */ = {isa = PBXFileReference; fileEncoding = 4; lastKnownFileType = sourcecode.c.h; path = SCImageWriter.h; sourceTree = "<group>"; };
		58274AF51EB335F400E86967 /* SCImageWriter.m */ = {isa = PBXFileReference; fileEncoding = 4; lastKnownFileType = sourcecode.c.objc; path = SCImageWriter.m; sourceTree = "<group>"; };
		58274AF91EB337DA00E86967 /* SCBadgeView.h */ = {isa = PBXFileReference; fileEncoding = 4; lastKnownFileType = sourcecode.c.h; path = SCBadgeView.h; sourceTree = "<group>"; };
		58274AFA1EB337DA00E86967 /* SCBadgeView.m */ = {isa = PBXFileReference; fileEncoding = 4; lastKnownFileType = sourcecode.c.objc; path = SCBadgeView.m; sourceTree = "<group>"; };
		58274AFC1EB338D300E86967 /* NSString+SCExtenstion.h */ = {isa = PBXFileReference; fileEncoding = 4; lastKnownFileType = sourcecode.c.h; path = "NSString+SCExtenstion.h"; sourceTree = "<group>"; };
		58274AFD1EB338D300E86967 /* NSString+SCExtenstion.m */ = {isa = PBXFileReference; fileEncoding = 4; lastKnownFileType = sourcecode.c.objc; path = "NSString+SCExtenstion.m"; sourceTree = "<group>"; };
		58274AFF1EB33C3A00E86967 /* NSTimer+SCExtension.h */ = {isa = PBXFileReference; fileEncoding = 4; lastKnownFileType = sourcecode.c.h; path = "NSTimer+SCExtension.h"; sourceTree = "<group>"; };
		58274B001EB33C3A00E86967 /* NSTimer+SCExtension.m */ = {isa = PBXFileReference; fileEncoding = 4; lastKnownFileType = sourcecode.c.objc; path = "NSTimer+SCExtension.m"; sourceTree = "<group>"; };
		58274B021EB33DA600E86967 /* UIView+SCLayout.h */ = {isa = PBXFileReference; fileEncoding = 4; lastKnownFileType = sourcecode.c.h; path = "UIView+SCLayout.h"; sourceTree = "<group>"; };
		58274B031EB33DA600E86967 /* UIView+SCLayout.m */ = {isa = PBXFileReference; fileEncoding = 4; lastKnownFileType = sourcecode.c.objc; path = "UIView+SCLayout.m"; sourceTree = "<group>"; };
		58274B051EB3401A00E86967 /* UIBarButtonItem+SCExtension.h */ = {isa = PBXFileReference; fileEncoding = 4; lastKnownFileType = sourcecode.c.h; path = "UIBarButtonItem+SCExtension.h"; sourceTree = "<group>"; };
		58274B061EB3401A00E86967 /* UIBarButtonItem+SCExtension.m */ = {isa = PBXFileReference; fileEncoding = 4; lastKnownFileType = sourcecode.c.objc; path = "UIBarButtonItem+SCExtension.m"; sourceTree = "<group>"; };
		58274B081EB3426000E86967 /* SCOutsideTouchView.h */ = {isa = PBXFileReference; fileEncoding = 4; lastKnownFileType = sourcecode.c.h; path = SCOutsideTouchView.h; sourceTree = "<group>"; };
		58274B091EB3426000E86967 /* SCOutsideTouchView.m */ = {isa = PBXFileReference; fileEncoding = 4; lastKnownFileType = sourcecode.c.objc; path = SCOutsideTouchView.m; sourceTree = "<group>"; };
		58274B0C1EB34A8100E86967 /* SCCustomNavigationBar.h */ = {isa = PBXFileReference; fileEncoding = 4; lastKnownFileType = sourcecode.c.h; path = SCCustomNavigationBar.h; sourceTree = "<group>"; };
		58274B0D1EB34A8100E86967 /* SCCustomNavigationBar.m */ = {isa = PBXFileReference; fileEncoding = 4; lastKnownFileType = sourcecode.c.objc; path = SCCustomNavigationBar.m; sourceTree = "<group>"; };
		58274B0F1EB34B3E00E86967 /* SCHourglassLoadingView.h */ = {isa = PBXFileReference; fileEncoding = 4; lastKnownFileType = sourcecode.c.h; path = SCHourglassLoadingView.h; sourceTree = "<group>"; };
		58274B101EB34B3E00E86967 /* SCHourglassLoadingView.m */ = {isa = PBXFileReference; fileEncoding = 4; lastKnownFileType = sourcecode.c.objc; path = SCHourglassLoadingView.m; sourceTree = "<group>"; };
		58274B121EB34FB600E86967 /* ComponentsViewController.h */ = {isa = PBXFileReference; fileEncoding = 4; lastKnownFileType = sourcecode.c.h; path = ComponentsViewController.h; sourceTree = "<group>"; };
		58274B131EB34FB600E86967 /* ComponentsViewController.m */ = {isa = PBXFileReference; fileEncoding = 4; lastKnownFileType = sourcecode.c.objc; path = ComponentsViewController.m; sourceTree = "<group>"; };
		58274B161EB3544800E86967 /* SCMacro.h */ = {isa = PBXFileReference; fileEncoding = 4; lastKnownFileType = sourcecode.c.h; path = SCMacro.h; sourceTree = "<group>"; };
		58274B171EB355F100E86967 /* CustomButtonViewController.h */ = {isa = PBXFileReference; fileEncoding = 4; lastKnownFileType = sourcecode.c.h; path = CustomButtonViewController.h; sourceTree = "<group>"; };
		58274B181EB355F100E86967 /* CustomButtonViewController.m */ = {isa = PBXFileReference; fileEncoding = 4; lastKnownFileType = sourcecode.c.objc; path = CustomButtonViewController.m; sourceTree = "<group>"; };
		58274B191EB355F100E86967 /* CustomButtonViewController.xib */ = {isa = PBXFileReference; fileEncoding = 4; lastKnownFileType = file.xib; path = CustomButtonViewController.xib; sourceTree = "<group>"; };
		586490E01EA8D923006D47B6 /* SCKitDemo.app */ = {isa = PBXFileReference; explicitFileType = wrapper.application; includeInIndex = 0; path = SCKitDemo.app; sourceTree = BUILT_PRODUCTS_DIR; };
		586490E41EA8D923006D47B6 /* main.m */ = {isa = PBXFileReference; lastKnownFileType = sourcecode.c.objc; path = main.m; sourceTree = "<group>"; };
		586490E61EA8D923006D47B6 /* AppDelegate.h */ = {isa = PBXFileReference; lastKnownFileType = sourcecode.c.h; path = AppDelegate.h; sourceTree = "<group>"; };
		586490E71EA8D923006D47B6 /* AppDelegate.m */ = {isa = PBXFileReference; lastKnownFileType = sourcecode.c.objc; path = AppDelegate.m; sourceTree = "<group>"; };
		586490E91EA8D923006D47B6 /* CustomUIViewController.h */ = {isa = PBXFileReference; lastKnownFileType = sourcecode.c.h; path = CustomUIViewController.h; sourceTree = "<group>"; };
		586490EA1EA8D923006D47B6 /* CustomUIViewController.m */ = {isa = PBXFileReference; lastKnownFileType = sourcecode.c.objc; path = CustomUIViewController.m; sourceTree = "<group>"; };
		586490ED1EA8D923006D47B6 /* Base */ = {isa = PBXFileReference; lastKnownFileType = file.storyboard; name = Base; path = Base.lproj/Main.storyboard; sourceTree = "<group>"; };
		586490EF1EA8D923006D47B6 /* Assets.xcassets */ = {isa = PBXFileReference; lastKnownFileType = folder.assetcatalog; path = Assets.xcassets; sourceTree = "<group>"; };
		586490F21EA8D923006D47B6 /* Base */ = {isa = PBXFileReference; lastKnownFileType = file.storyboard; name = Base; path = Base.lproj/LaunchScreen.storyboard; sourceTree = "<group>"; };
		586490F41EA8D923006D47B6 /* Info.plist */ = {isa = PBXFileReference; lastKnownFileType = text.plist.xml; path = Info.plist; sourceTree = "<group>"; };
		586490FF1EA8DAEF006D47B6 /* UIView+SCAnimation.h */ = {isa = PBXFileReference; fileEncoding = 4; lastKnownFileType = sourcecode.c.h; path = "UIView+SCAnimation.h"; sourceTree = "<group>"; };
		586491001EA8DAEF006D47B6 /* UIView+SCAnimation.m */ = {isa = PBXFileReference; fileEncoding = 4; lastKnownFileType = sourcecode.c.objc; path = "UIView+SCAnimation.m"; sourceTree = "<group>"; };
		586491041EA8DAEF006D47B6 /* SCCustomButton.h */ = {isa = PBXFileReference; fileEncoding = 4; lastKnownFileType = sourcecode.c.h; path = SCCustomButton.h; sourceTree = "<group>"; };
		586491051EA8DAEF006D47B6 /* SCCustomButton.m */ = {isa = PBXFileReference; fileEncoding = 4; lastKnownFileType = sourcecode.c.objc; path = SCCustomButton.m; sourceTree = "<group>"; };
/* End PBXFileReference section */

/* Begin PBXFrameworksBuildPhase section */
		586490DD1EA8D923006D47B6 /* Frameworks */ = {
			isa = PBXFrameworksBuildPhase;
			buildActionMask = 2147483647;
			files = (
			);
			runOnlyForDeploymentPostprocessing = 0;
		};
/* End PBXFrameworksBuildPhase section */

/* Begin PBXGroup section */
		58274AED1EB335F400E86967 /* Utils */ = {
			isa = PBXGroup;
			children = (
				58274AEE1EB335F400E86967 /* Categories */,
				58274AF31EB335F400E86967 /* Classes */,
			);
			path = Utils;
			sourceTree = "<group>";
		};
		58274AEE1EB335F400E86967 /* Categories */ = {
			isa = PBXGroup;
			children = (
				58274AFC1EB338D300E86967 /* NSString+SCExtenstion.h */,
				58274AFD1EB338D300E86967 /* NSString+SCExtenstion.m */,
				58274AFF1EB33C3A00E86967 /* NSTimer+SCExtension.h */,
				58274B001EB33C3A00E86967 /* NSTimer+SCExtension.m */,
			);
			path = Categories;
			sourceTree = "<group>";
		};
		58274AF31EB335F400E86967 /* Classes */ = {
			isa = PBXGroup;
			children = (
				58274AF41EB335F400E86967 /* SCImageWriter.h */,
				58274AF51EB335F400E86967 /* SCImageWriter.m */,
			);
			path = Classes;
			sourceTree = "<group>";
		};
		586490D71EA8D923006D47B6 = {
			isa = PBXGroup;
			children = (
				586490E21EA8D923006D47B6 /* SCKitDemo */,
				586490E11EA8D923006D47B6 /* Products */,
			);
			sourceTree = "<group>";
		};
		586490E11EA8D923006D47B6 /* Products */ = {
			isa = PBXGroup;
			children = (
				586490E01EA8D923006D47B6 /* SCKitDemo.app */,
			);
			name = Products;
			sourceTree = "<group>";
		};
		586490E21EA8D923006D47B6 /* SCKitDemo */ = {
			isa = PBXGroup;
			children = (
				586490FA1EA8DAEF006D47B6 /* SCKit */,
				586490E61EA8D923006D47B6 /* AppDelegate.h */,
				586490E71EA8D923006D47B6 /* AppDelegate.m */,
				586490E91EA8D923006D47B6 /* CustomUIViewController.h */,
				586490EA1EA8D923006D47B6 /* CustomUIViewController.m */,
				58274B171EB355F100E86967 /* CustomButtonViewController.h */,
				58274B181EB355F100E86967 /* CustomButtonViewController.m */,
				58274B191EB355F100E86967 /* CustomButtonViewController.xib */,
				58274B121EB34FB600E86967 /* ComponentsViewController.h */,
				58274B131EB34FB600E86967 /* ComponentsViewController.m */,
				586490EC1EA8D923006D47B6 /* Main.storyboard */,
				586490EF1EA8D923006D47B6 /* Assets.xcassets */,
				586490F11EA8D923006D47B6 /* LaunchScreen.storyboard */,
				586490F41EA8D923006D47B6 /* Info.plist */,
				586490E31EA8D923006D47B6 /* Supporting Files */,
			);
			path = SCKitDemo;
			sourceTree = "<group>";
		};
		586490E31EA8D923006D47B6 /* Supporting Files */ = {
			isa = PBXGroup;
			children = (
				586490E41EA8D923006D47B6 /* main.m */,
			);
			name = "Supporting Files";
			sourceTree = "<group>";
		};
		586490FA1EA8DAEF006D47B6 /* SCKit */ = {
			isa = PBXGroup;
			children = (
				58274AED1EB335F400E86967 /* Utils */,
				586490FB1EA8DAEF006D47B6 /* UIComponents */,
				58274B161EB3544800E86967 /* SCMacro.h */,
			);
			name = SCKit;
			path = ../../SCKit;
			sourceTree = "<group>";
		};
		586490FB1EA8DAEF006D47B6 /* UIComponents */ = {
			isa = PBXGroup;
			children = (
				586490FC1EA8DAEF006D47B6 /* Categories */,
				586491031EA8DAEF006D47B6 /* Classes */,
			);
			path = UIComponents;
			sourceTree = "<group>";
		};
		586490FC1EA8DAEF006D47B6 /* Categories */ = {
			isa = PBXGroup;
			children = (
				586490FF1EA8DAEF006D47B6 /* UIView+SCAnimation.h */,
				586491001EA8DAEF006D47B6 /* UIView+SCAnimation.m */,
				58274B021EB33DA600E86967 /* UIView+SCLayout.h */,
				58274B031EB33DA600E86967 /* UIView+SCLayout.m */,
				58274B051EB3401A00E86967 /* UIBarButtonItem+SCExtension.h */,
				58274B061EB3401A00E86967 /* UIBarButtonItem+SCExtension.m */,
			);
			path = Categories;
			sourceTree = "<group>";
		};
		586491031EA8DAEF006D47B6 /* Classes */ = {
			isa = PBXGroup;
			children = (
				586491041EA8DAEF006D47B6 /* SCCustomButton.h */,
				586491051EA8DAEF006D47B6 /* SCCustomButton.m */,
				58274B0C1EB34A8100E86967 /* SCCustomNavigationBar.h */,
				58274B0D1EB34A8100E86967 /* SCCustomNavigationBar.m */,
				58274B0F1EB34B3E00E86967 /* SCHourglassLoadingView.h */,
				58274B101EB34B3E00E86967 /* SCHourglassLoadingView.m */,
				58274AF91EB337DA00E86967 /* SCBadgeView.h */,
				58274AFA1EB337DA00E86967 /* SCBadgeView.m */,
				58274B081EB3426000E86967 /* SCOutsideTouchView.h */,
				58274B091EB3426000E86967 /* SCOutsideTouchView.m */,
			);
			path = Classes;
			sourceTree = "<group>";
		};
/* End PBXGroup section */

/* Begin PBXNativeTarget section */
		586490DF1EA8D923006D47B6 /* SCKitDemo */ = {
			isa = PBXNativeTarget;
			buildConfigurationList = 586490F71EA8D923006D47B6 /* Build configuration list for PBXNativeTarget "SCKitDemo" */;
			buildPhases = (
				586490DC1EA8D923006D47B6 /* Sources */,
				586490DD1EA8D923006D47B6 /* Frameworks */,
				586490DE1EA8D923006D47B6 /* Resources */,
			);
			buildRules = (
			);
			dependencies = (
			);
			name = SCKitDemo;
			productName = SCKitDemo;
			productReference = 586490E01EA8D923006D47B6 /* SCKitDemo.app */;
			productType = "com.apple.product-type.application";
		};
/* End PBXNativeTarget section */

/* Begin PBXProject section */
		586490D81EA8D923006D47B6 /* Project object */ = {
			isa = PBXProject;
			attributes = {
				LastUpgradeCheck = 0820;
				ORGANIZATIONNAME = ShannonChen;
				TargetAttributes = {
					586490DF1EA8D923006D47B6 = {
						CreatedOnToolsVersion = 8.2.1;
						ProvisioningStyle = Automatic;
					};
				};
			};
			buildConfigurationList = 586490DB1EA8D923006D47B6 /* Build configuration list for PBXProject "SCKitDemo" */;
			compatibilityVersion = "Xcode 3.2";
			developmentRegion = English;
			hasScannedForEncodings = 0;
			knownRegions = (
				en,
				Base,
			);
			mainGroup = 586490D71EA8D923006D47B6;
			productRefGroup = 586490E11EA8D923006D47B6 /* Products */;
			projectDirPath = "";
			projectRoot = "";
			targets = (
				586490DF1EA8D923006D47B6 /* SCKitDemo */,
			);
		};
/* End PBXProject section */

/* Begin PBXResourcesBuildPhase section */
		586490DE1EA8D923006D47B6 /* Resources */ = {
			isa = PBXResourcesBuildPhase;
			buildActionMask = 2147483647;
			files = (
				586490F31EA8D923006D47B6 /* LaunchScreen.storyboard in Resources */,
				58274B1B1EB355F100E86967 /* CustomButtonViewController.xib in Resources */,
				586490F01EA8D923006D47B6 /* Assets.xcassets in Resources */,
				586490EE1EA8D923006D47B6 /* Main.storyboard in Resources */,
			);
			runOnlyForDeploymentPostprocessing = 0;
		};
/* End PBXResourcesBuildPhase section */

/* Begin PBXSourcesBuildPhase section */
		586490DC1EA8D923006D47B6 /* Sources */ = {
			isa = PBXSourcesBuildPhase;
			buildActionMask = 2147483647;
			files = (
				586490EB1EA8D923006D47B6 /* CustomUIViewController.m in Sources */,
				586491161EA8DAEF006D47B6 /* SCCustomButton.m in Sources */,
				58274B041EB33DA600E86967 /* UIView+SCLayout.m in Sources */,
				58274AF81EB335F400E86967 /* SCImageWriter.m in Sources */,
				58274B141EB34FB600E86967 /* ComponentsViewController.m in Sources */,
				58274B0E1EB34A8100E86967 /* SCCustomNavigationBar.m in Sources */,
				58274B011EB33C3A00E86967 /* NSTimer+SCExtension.m in Sources */,
				58274B071EB3401A00E86967 /* UIBarButtonItem+SCExtension.m in Sources */,
				58274AFE1EB338D300E86967 /* NSString+SCExtenstion.m in Sources */,
				58274AFB1EB337DA00E86967 /* SCBadgeView.m in Sources */,
				58274B0A1EB3426000E86967 /* SCOutsideTouchView.m in Sources */,
				586490E81EA8D923006D47B6 /* AppDelegate.m in Sources */,
				586490E51EA8D923006D47B6 /* main.m in Sources */,
				58274B1A1EB355F100E86967 /* CustomButtonViewController.m in Sources */,
				58274B111EB34B3E00E86967 /* SCHourglassLoadingView.m in Sources */,
				586491141EA8DAEF006D47B6 /* UIView+SCAnimation.m in Sources */,
			);
			runOnlyForDeploymentPostprocessing = 0;
		};
/* End PBXSourcesBuildPhase section */

/* Begin PBXVariantGroup section */
		586490EC1EA8D923006D47B6 /* Main.storyboard */ = {
			isa = PBXVariantGroup;
			children = (
				586490ED1EA8D923006D47B6 /* Base */,
			);
			name = Main.storyboard;
			sourceTree = "<group>";
		};
		586490F11EA8D923006D47B6 /* LaunchScreen.storyboard */ = {
			isa = PBXVariantGroup;
			children = (
				586490F21EA8D923006D47B6 /* Base */,
			);
			name = LaunchScreen.storyboard;
			sourceTree = "<group>";
		};
/* End PBXVariantGroup section */

/* Begin XCBuildConfiguration section */
		586490F51EA8D923006D47B6 /* Debug */ = {
			isa = XCBuildConfiguration;
			buildSettings = {
				ALWAYS_SEARCH_USER_PATHS = NO;
				CLANG_ANALYZER_NONNULL = YES;
				CLANG_CXX_LANGUAGE_STANDARD = "gnu++0x";
				CLANG_CXX_LIBRARY = "libc++";
				CLANG_ENABLE_MODULES = YES;
				CLANG_ENABLE_OBJC_ARC = YES;
				CLANG_WARN_BOOL_CONVERSION = YES;
				CLANG_WARN_CONSTANT_CONVERSION = YES;
				CLANG_WARN_DIRECT_OBJC_ISA_USAGE = YES_ERROR;
				CLANG_WARN_DOCUMENTATION_COMMENTS = YES;
				CLANG_WARN_EMPTY_BODY = YES;
				CLANG_WARN_ENUM_CONVERSION = YES;
				CLANG_WARN_INFINITE_RECURSION = YES;
				CLANG_WARN_INT_CONVERSION = YES;
				CLANG_WARN_OBJC_ROOT_CLASS = YES_ERROR;
				CLANG_WARN_SUSPICIOUS_MOVE = YES;
				CLANG_WARN_UNREACHABLE_CODE = YES;
				CLANG_WARN__DUPLICATE_METHOD_MATCH = YES;
				"CODE_SIGN_IDENTITY[sdk=iphoneos*]" = "iPhone Developer";
				COPY_PHASE_STRIP = NO;
				DEBUG_INFORMATION_FORMAT = dwarf;
				ENABLE_STRICT_OBJC_MSGSEND = YES;
				ENABLE_TESTABILITY = YES;
				GCC_C_LANGUAGE_STANDARD = gnu99;
				GCC_DYNAMIC_NO_PIC = NO;
				GCC_NO_COMMON_BLOCKS = YES;
				GCC_OPTIMIZATION_LEVEL = 0;
				GCC_PREPROCESSOR_DEFINITIONS = (
					"DEBUG=1",
					"$(inherited)",
				);
				GCC_WARN_64_TO_32_BIT_CONVERSION = YES;
				GCC_WARN_ABOUT_RETURN_TYPE = YES_ERROR;
				GCC_WARN_UNDECLARED_SELECTOR = YES;
				GCC_WARN_UNINITIALIZED_AUTOS = YES_AGGRESSIVE;
				GCC_WARN_UNUSED_FUNCTION = YES;
				GCC_WARN_UNUSED_VARIABLE = YES;
				IPHONEOS_DEPLOYMENT_TARGET = 10.2;
				MTL_ENABLE_DEBUG_INFO = YES;
				ONLY_ACTIVE_ARCH = YES;
				SDKROOT = iphoneos;
			};
			name = Debug;
		};
		586490F61EA8D923006D47B6 /* Release */ = {
			isa = XCBuildConfiguration;
			buildSettings = {
				ALWAYS_SEARCH_USER_PATHS = NO;
				CLANG_ANALYZER_NONNULL = YES;
				CLANG_CXX_LANGUAGE_STANDARD = "gnu++0x";
				CLANG_CXX_LIBRARY = "libc++";
				CLANG_ENABLE_MODULES = YES;
				CLANG_ENABLE_OBJC_ARC = YES;
				CLANG_WARN_BOOL_CONVERSION = YES;
				CLANG_WARN_CONSTANT_CONVERSION = YES;
				CLANG_WARN_DIRECT_OBJC_ISA_USAGE = YES_ERROR;
				CLANG_WARN_DOCUMENTATION_COMMENTS = YES;
				CLANG_WARN_EMPTY_BODY = YES;
				CLANG_WARN_ENUM_CONVERSION = YES;
				CLANG_WARN_INFINITE_RECURSION = YES;
				CLANG_WARN_INT_CONVERSION = YES;
				CLANG_WARN_OBJC_ROOT_CLASS = YES_ERROR;
				CLANG_WARN_SUSPICIOUS_MOVE = YES;
				CLANG_WARN_UNREACHABLE_CODE = YES;
				CLANG_WARN__DUPLICATE_METHOD_MATCH = YES;
				"CODE_SIGN_IDENTITY[sdk=iphoneos*]" = "iPhone Developer";
				COPY_PHASE_STRIP = NO;
				DEBUG_INFORMATION_FORMAT = "dwarf-with-dsym";
				ENABLE_NS_ASSERTIONS = NO;
				ENABLE_STRICT_OBJC_MSGSEND = YES;
				GCC_C_LANGUAGE_STANDARD = gnu99;
				GCC_NO_COMMON_BLOCKS = YES;
				GCC_WARN_64_TO_32_BIT_CONVERSION = YES;
				GCC_WARN_ABOUT_RETURN_TYPE = YES_ERROR;
				GCC_WARN_UNDECLARED_SELECTOR = YES;
				GCC_WARN_UNINITIALIZED_AUTOS = YES_AGGRESSIVE;
				GCC_WARN_UNUSED_FUNCTION = YES;
				GCC_WARN_UNUSED_VARIABLE = YES;
				IPHONEOS_DEPLOYMENT_TARGET = 10.2;
				MTL_ENABLE_DEBUG_INFO = NO;
				SDKROOT = iphoneos;
				VALIDATE_PRODUCT = YES;
			};
			name = Release;
		};
		586490F81EA8D923006D47B6 /* Debug */ = {
			isa = XCBuildConfiguration;
			buildSettings = {
				ASSETCATALOG_COMPILER_APPICON_NAME = AppIcon;
				INFOPLIST_FILE = SCKitDemo/Info.plist;
				LD_RUNPATH_SEARCH_PATHS = "$(inherited) @executable_path/Frameworks";
				PRODUCT_BUNDLE_IDENTIFIER = ShannonChen.SCKitDemo;
				PRODUCT_NAME = "$(TARGET_NAME)";
			};
			name = Debug;
		};
		586490F91EA8D923006D47B6 /* Release */ = {
			isa = XCBuildConfiguration;
			buildSettings = {
				ASSETCATALOG_COMPILER_APPICON_NAME = AppIcon;
				INFOPLIST_FILE = SCKitDemo/Info.plist;
				LD_RUNPATH_SEARCH_PATHS = "$(inherited) @executable_path/Frameworks";
				PRODUCT_BUNDLE_IDENTIFIER = ShannonChen.SCKitDemo;
				PRODUCT_NAME = "$(TARGET_NAME)";
			};
			name = Release;
		};
/* End XCBuildConfiguration section */

/* Begin XCConfigurationList section */
		586490DB1EA8D923006D47B6 /* Build configuration list for PBXProject "SCKitDemo" */ = {
			isa = XCConfigurationList;
			buildConfigurations = (
				586490F51EA8D923006D47B6 /* Debug */,
				586490F61EA8D923006D47B6 /* Release */,
			);
			defaultConfigurationIsVisible = 0;
			defaultConfigurationName = Release;
		};
		586490F71EA8D923006D47B6 /* Build configuration list for PBXNativeTarget "SCKitDemo" */ = {
			isa = XCConfigurationList;
			buildConfigurations = (
				586490F81EA8D923006D47B6 /* Debug */,
				586490F91EA8D923006D47B6 /* Release */,
			);
			defaultConfigurationIsVisible = 0;
			defaultConfigurationName = Release;
		};
/* End XCConfigurationList section */
	};
	rootObject = 586490D81EA8D923006D47B6 /* Project object */;
}
